{
  "name": "install",
  "version": "1.0.0",
  "lockfileVersion": 1,
  "requires": true,
  "dependencies": {
    "jquery": {
      "version": "3.2.0",
      "resolved": "https://registry.npmjs.org/jquery/-/jquery-3.2.0.tgz",
      "integrity": "sha1-O9u6ZuHu4HhVMt3a2w4NJSHKWEs=",
      "dev": true
    },
    "jquery-gmaps": {
      "version": "1.0.41",
      "resolved": "https://registry.npmjs.org/jquery-gmaps/-/jquery-gmaps-1.0.41.tgz",
      "integrity": "sha1-avRZvLLwxS2lghn8mjPbRvZZN4o=",
      "dev": true,
      "requires": {
        "jquery": "3.2.0"
      }
    }
  }
}
